
Microsoft Visual Studio Solution File, Format Version 12.00
# Visual Studio Version 17
VisualStudioVersion = 17.2.32526.322
MinimumVisualStudioVersion = 10.0.40219.1
Project("{9A19103F-16F7-4668-BE54-9A1E7A4F7556}") = "Core_Proje", "Core_Proje\Core_Proje.csproj", "{C042390F-1A67-4192-A900-18E11555D52D}"
EndProject
Project("{FAE04EC0-301F-11D3-BF4B-00C04F79EFBC}") = "BusinessLayer", "BusinessLayer\BusinessLayer.csproj", "{92BF5EBD-11E8-483B-B786-6C090F8077BB}"
EndProject
Project("{FAE04EC0-301F-11D3-BF4B-00C04F79EFBC}") = "DataAccessLayer", "DataAccessLayer\DataAccessLayer.csproj", "{FA66EDF7-EF87-4D89-AC0B-4CB2A03312EC}"
EndProject
Project("{FAE04EC0-301F-11D3-BF4B-00C04F79EFBC}") = "EntityLayer", "EntityLayer\EntityLayer.csproj", "{08CC1551-0ECF-4548-B6A8-BC5000E56017}"
EndProject
Global
	GlobalSection(SolutionConfigurationPlatforms) = preSolution
		Debug|Any CPU = Debug|Any CPU
		Release|Any CPU = Release|Any CPU
	EndGlobalSection
	GlobalSection(ProjectConfigurationPlatforms) = postSolution
		{C042390F-1A67-4192-A900-18E11555D52D}.Debug|Any CPU.ActiveCfg = Debug|Any CPU
		{C042390F-1A67-4192-A900-18E11555D52D}.Debug|Any CPU.Build.0 = Debug|Any CPU
		{C042390F-1A67-4192-A900-18E11555D52D}.Release|Any CPU.ActiveCfg = Release|Any CPU
		{C042390F-1A67-4192-A900-18E11555D52D}.Release|Any CPU.Build.0 = Release|Any CPU
		{92BF5EBD-11E8-483B-B786-6C090F8077BB}.Debug|Any CPU.ActiveCfg = Debug|Any CPU
		{92BF5EBD-11E8-483B-B786-6C090F8077BB}.Debug|Any CPU.Build.0 = Debug|Any CPU
		{92BF5EBD-11E8-483B-B786-6C090F8077BB}.Release|Any CPU.ActiveCfg = Release|Any CPU
		{92BF5EBD-11E8-483B-B786-6C090F8077BB}.Release|Any CPU.Build.0 = Release|Any CPU
		{FA66EDF7-EF87-4D89-AC0B-4CB2A03312EC}.Debug|Any CPU.ActiveCfg = Debug|Any CPU
		{FA66EDF7-EF87-4D89-AC0B-4CB2A03312EC}.Debug|Any CPU.Build.0 = Debug|Any CPU
		{FA66EDF7-EF87-4D89-AC0B-4CB2A03312EC}.Release|Any CPU.ActiveCfg = Release|Any CPU
		{FA66EDF7-EF87-4D89-AC0B-4CB2A03312EC}.Release|Any CPU.Build.0 = Release|Any CPU
		{08CC1551-0ECF-4548-B6A8-BC5000E56017}.Debug|Any CPU.ActiveCfg = Debug|Any CPU
		{08CC1551-0ECF-4548-B6A8-BC5000E56017}.Debug|Any CPU.Build.0 = Debug|Any CPU
		{08CC1551-0ECF-4548-B6A8-BC5000E56017}.Release|Any CPU.ActiveCfg = Release|Any CPU
		{08CC1551-0ECF-4548-B6A8-BC5000E56017}.Release|Any CPU.Build.0 = Release|Any CPU
	EndGlobalSection
	GlobalSection(SolutionProperties) = preSolution
		HideSolutionNode = FALSE
	EndGlobalSection
	GlobalSection(ExtensibilityGlobals) = postSolution
		SolutionGuid = {DD4053D5-DA90-48B6-A514-64A1C0CD2BA4}
	EndGlobalSection
EndGlobal
